
Microsoft Visual Studio Solution File, Format Version 12.00
# Visual Studio Version 16
VisualStudioVersion = 16.0.30804.86
MinimumVisualStudioVersion = 10.0.40219.1
Project("{2150E333-8FDC-42A3-9474-1A3956D46DE8}") = "3 - Domain", "3 - Domain", "{0E34E8E8-11CB-40B7-B1D5-161788750338}"
EndProject
Project("{9A19103F-16F7-4668-BE54-9A1E7A4F7556}") = "AulaAP.Domain", "AulaAP.Domain\AulaAP.Domain.csproj", "{36EFF287-DA8B-49C0-B8C1-36E8BF81A369}"
EndProject
Project("{9A19103F-16F7-4668-BE54-9A1E7A4F7556}") = "AulaAp.Domain.Shared", "AulaAp.Domain.Shared\AulaAp.Domain.Shared.csproj", "{8652C72E-E005-4703-974B-C04CAA21506F}"
EndProject
Project("{2150E333-8FDC-42A3-9474-1A3956D46DE8}") = "2 - Application", "2 - Application", "{3C1CD6B2-1E1B-4439-A1F7-C00E98736661}"
EndProject
Project("{2150E333-8FDC-42A3-9474-1A3956D46DE8}") = "1 - Services", "1 - Services", "{035C3FEE-E18B-4148-8761-555B55482700}"
EndProject
Project("{2150E333-8FDC-42A3-9474-1A3956D46DE8}") = "4 - InfraEstructure", "4 - InfraEstructure", "{3323B866-551C-444E-B4DD-F9C4FEB1E76F}"
EndProject
Project("{2150E333-8FDC-42A3-9474-1A3956D46DE8}") = "5 - External Service", "5 - External Service", "{08CE243A-3FA2-49F8-9C6E-DA858A944A54}"
EndProject
Global
	GlobalSection(SolutionConfigurationPlatforms) = preSolution
		Debug|Any CPU = Debug|Any CPU
		Release|Any CPU = Release|Any CPU
	EndGlobalSection
	GlobalSection(ProjectConfigurationPlatforms) = postSolution
		{36EFF287-DA8B-49C0-B8C1-36E8BF81A369}.Debug|Any CPU.ActiveCfg = Debug|Any CPU
		{36EFF287-DA8B-49C0-B8C1-36E8BF81A369}.Debug|Any CPU.Build.0 = Debug|Any CPU
		{36EFF287-DA8B-49C0-B8C1-36E8BF81A369}.Release|Any CPU.ActiveCfg = Release|Any CPU
		{36EFF287-DA8B-49C0-B8C1-36E8BF81A369}.Release|Any CPU.Build.0 = Release|Any CPU
		{8652C72E-E005-4703-974B-C04CAA21506F}.Debug|Any CPU.ActiveCfg = Debug|Any CPU
		{8652C72E-E005-4703-974B-C04CAA21506F}.Debug|Any CPU.Build.0 = Debug|Any CPU
		{8652C72E-E005-4703-974B-C04CAA21506F}.Release|Any CPU.ActiveCfg = Release|Any CPU
		{8652C72E-E005-4703-974B-C04CAA21506F}.Release|Any CPU.Build.0 = Release|Any CPU
	EndGlobalSection
	GlobalSection(SolutionProperties) = preSolution
		HideSolutionNode = FALSE
	EndGlobalSection
	GlobalSection(NestedProjects) = preSolution
		{36EFF287-DA8B-49C0-B8C1-36E8BF81A369} = {0E34E8E8-11CB-40B7-B1D5-161788750338}
		{8652C72E-E005-4703-974B-C04CAA21506F} = {0E34E8E8-11CB-40B7-B1D5-161788750338}
	EndGlobalSection
	GlobalSection(ExtensibilityGlobals) = postSolution
		SolutionGuid = {308544CF-B8C3-4A35-81F3-9162788E20D1}
	EndGlobalSection
EndGlobal
